
Microsoft Visual Studio Solution File, Format Version 12.00
# Visual Studio Version 17
VisualStudioVersion = 17.5.33516.290
MinimumVisualStudioVersion = 10.0.40219.1
Project("{FAE04EC0-301F-11D3-BF4B-00C04F79EFBC}") = "FocusWrite", "FocusWrite\FocusWrite.csproj", "{D6273503-4959-43F6-B416-22F088F76ACF}"
EndProject
Global
	GlobalSection(SolutionConfigurationPlatforms) = preSolution
		Debug|Any CPU = Debug|Any CPU
		Release|Any CPU = Release|Any CPU
	EndGlobalSection
	GlobalSection(ProjectConfigurationPlatforms) = postSolution
		{D6273503-4959-43F6-B416-22F088F76ACF}.Debug|Any CPU.ActiveCfg = Debug|Any CPU
		{D6273503-4959-43F6-B416-22F088F76ACF}.Debug|Any CPU.Build.0 = Debug|Any CPU
		{D6273503-4959-43F6-B416-22F088F76ACF}.Release|Any CPU.ActiveCfg = Release|Any CPU
		{D6273503-4959-43F6-B416-22F088F76ACF}.Release|Any CPU.Build.0 = Release|Any CPU
	EndGlobalSection
	GlobalSection(SolutionProperties) = preSolution
		HideSolutionNode = FALSE
	EndGlobalSection
	GlobalSection(ExtensibilityGlobals) = postSolution
		SolutionGuid = {50B71855-8055-4FE7-9683-05E528D53A50}
	EndGlobalSection
EndGlobal
