
Microsoft Visual Studio Solution File, Format Version 12.00
# Visual Studio Version 17
VisualStudioVersion = 17.5.33516.290
MinimumVisualStudioVersion = 10.0.40219.1
Project("{9A19103F-16F7-4668-BE54-9A1E7A4F7556}") = "JinReporter_Avalonia", "JinReporter_Avalonia\JinReporter_Avalonia.csproj", "{A6DAF55F-6E99-4D26-A2B5-279D394AD757}"
EndProject
Project("{9A19103F-16F7-4668-BE54-9A1E7A4F7556}") = "JinReporter_Avalonia.Desktop", "JinReporter_Avalonia.Desktop\JinReporter_Avalonia.Desktop.csproj", "{2F426E20-B77A-45DA-8B19-C4D77640DC9D}"
EndProject
Global
	GlobalSection(SolutionConfigurationPlatforms) = preSolution
		Debug|Any CPU = Debug|Any CPU
		Release|Any CPU = Release|Any CPU
	EndGlobalSection
	GlobalSection(ProjectConfigurationPlatforms) = postSolution
		{A6DAF55F-6E99-4D26-A2B5-279D394AD757}.Debug|Any CPU.ActiveCfg = Debug|Any CPU
		{A6DAF55F-6E99-4D26-A2B5-279D394AD757}.Debug|Any CPU.Build.0 = Debug|Any CPU
		{A6DAF55F-6E99-4D26-A2B5-279D394AD757}.Release|Any CPU.ActiveCfg = Release|Any CPU
		{A6DAF55F-6E99-4D26-A2B5-279D394AD757}.Release|Any CPU.Build.0 = Release|Any CPU
		{2F426E20-B77A-45DA-8B19-C4D77640DC9D}.Debug|Any CPU.ActiveCfg = Debug|Any CPU
		{2F426E20-B77A-45DA-8B19-C4D77640DC9D}.Debug|Any CPU.Build.0 = Debug|Any CPU
		{2F426E20-B77A-45DA-8B19-C4D77640DC9D}.Release|Any CPU.ActiveCfg = Release|Any CPU
		{2F426E20-B77A-45DA-8B19-C4D77640DC9D}.Release|Any CPU.Build.0 = Release|Any CPU
	EndGlobalSection
	GlobalSection(SolutionProperties) = preSolution
		HideSolutionNode = FALSE
	EndGlobalSection
	GlobalSection(ExtensibilityGlobals) = postSolution
		SolutionGuid = {F36CCA5A-7232-4860-A062-C9988F790E7A}
	EndGlobalSection
EndGlobal
